Microsoft Visual Studio Solution File, Format Version 12.00
# Visual Studio Version 17
VisualStudioVersion = 17.5.2.0
MinimumVisualStudioVersion = 10.0.40219.1
Project("{2150E333-8FDC-42A3-9474-1A3956D46DE8}") = "generators", "generators", "{AD7C8182-B466-96AE-CF31-8AA8EF11C5DF}"
EndProject
Project("{2150E333-8FDC-42A3-9474-1A3956D46DE8}") = "src", "src", "{827E0CD3-B72D-47B6-A68D-7590B98EB39B}"
EndProject
Project("{2150E333-8FDC-42A3-9474-1A3956D46DE8}") = "tests", "tests", "{0AB3BF05-4346-4AA6-1389-037BE0695223}"
EndProject
Project("{FAE04EC0-301F-11D3-BF4B-00C04F79EFBC}") = "AlchemyLab.Blueprint.OpenApiClientGenerator", "generators\AlchemyLab.Blueprint.OpenApiClientGenerator\AlchemyLab.Blueprint.OpenApiClientGenerator.csproj", "{C65116DD-932A-F67F-A17C-389544E7A868}"
EndProject
Project("{FAE04EC0-301F-11D3-BF4B-00C04F79EFBC}") = "AlchemyLab.Blueprint.UseCase", "src\AlchemyLab.Blueprint.UseCase\AlchemyLab.Blueprint.UseCase.csproj", "{BF96C996-0691-A8F5-E0C5-18AE1B94A903}"
EndProject
Project("{FAE04EC0-301F-11D3-BF4B-00C04F79EFBC}") = "AlchemyLab.Blueprint.App", "src\AlchemyLab.Blueprint.App\AlchemyLab.Blueprint.App.csproj", "{15717EEC-CF24-DD55-A705-BA514C6395A6}"
EndProject
Project("{FAE04EC0-301F-11D3-BF4B-00C04F79EFBC}") = "AlchemyLab.Blueprint.Application", "src\AlchemyLab.Blueprint.Application\AlchemyLab.Blueprint.Application.csproj", "{7DFC3656-6709-337B-400C-86F28E9B9E7A}"
EndProject
Project("{FAE04EC0-301F-11D3-BF4B-00C04F79EFBC}") = "AlchemyLab.Blueprint.Clients", "src\AlchemyLab.Blueprint.Clients\AlchemyLab.Blueprint.Clients.csproj", "{35B57A37-FFDD-79CD-5373-9E9B03603F76}"
EndProject
Project("{FAE04EC0-301F-11D3-BF4B-00C04F79EFBC}") = "AlchemyLab.Blueprint.Domain", "src\AlchemyLab.Blueprint.Domain\AlchemyLab.Blueprint.Domain.csproj", "{9551731C-011C-55F1-8BE2-F70EA939668C}"
EndProject
Project("{FAE04EC0-301F-11D3-BF4B-00C04F79EFBC}") = "AlchemyLab.Blueprint.Endpoints", "src\AlchemyLab.Blueprint.Endpoints\AlchemyLab.Blueprint.Endpoints.csproj", "{89DB7D01-AC1B-8C75-B2EB-0A6D1B3EB94B}"
EndProject
Project("{FAE04EC0-301F-11D3-BF4B-00C04F79EFBC}") = "AlchemyLab.Blueprint.Infrastructure.Database", "src\AlchemyLab.Blueprint.Infrastructure\AlchemyLab.Blueprint.Infrastructure.Database.csproj", "{FDE2192B-9185-617B-A0CE-9E18255156E7}"
EndProject
Project("{FAE04EC0-301F-11D3-BF4B-00C04F79EFBC}") = "AlchemyLab.Blueprint.Infrastructure.Idempotency", "src\AlchemyLab.Blueprint.Infrastructure.Idempotency\AlchemyLab.Blueprint.Infrastructure.Idempotency.csproj", "{091DEAA4-98AB-C3A2-A4C1-7C75F13912E2}"
EndProject
Project("{FAE04EC0-301F-11D3-BF4B-00C04F79EFBC}") = "AlchemyLab.Blueprint.Infrastructure.Outbox", "src\AlchemyLab.Blueprint.Infrastructure.Outbox\AlchemyLab.Blueprint.Infrastructure.Outbox.csproj", "{939EB0DE-C552-705C-EBC0-418CD9EBDC4A}"
EndProject
Project("{FAE04EC0-301F-11D3-BF4B-00C04F79EFBC}") = "AlchemyLab.Blueprint.Infrastructure.S3", "src\AlchemyLab.Blueprint.Infrastructure.S3\AlchemyLab.Blueprint.Infrastructure.S3.csproj", "{9B7AD68F-4CDC-A493-61B4-91AA40227163}"
EndProject
Project("{FAE04EC0-301F-11D3-BF4B-00C04F79EFBC}") = "AlchemyLab.Blueprint.Middleware", "src\AlchemyLab.Blueprint.Middleware\AlchemyLab.Blueprint.Middleware.csproj", "{42B9062A-655B-95DF-62B0-91316DD88E4C}"
EndProject
Project("{FAE04EC0-301F-11D3-BF4B-00C04F79EFBC}") = "AlchemyLab.Blueprint.App.UnitTests", "tests\AlchemyLab.Blueprint.App.UnitTests\AlchemyLab.Blueprint.App.UnitTests.csproj", "{9A0504B2-6E20-5CB6-127C-BA978FBA0BED}"
EndProject
Project("{FAE04EC0-301F-11D3-BF4B-00C04F79EFBC}") = "AlchemyLab.Blueprint.Application.UnitTests", "tests\AlchemyLab.Blueprint.Application.UnitTests\AlchemyLab.Blueprint.Application.UnitTests.csproj", "{808668C7-B974-8284-69BA-8393B45F2B65}"
EndProject
Project("{FAE04EC0-301F-11D3-BF4B-00C04F79EFBC}") = "AlchemyLab.Blueprint.ArchTests", "tests\AlchemyLab.Blueprint.ArchTests\AlchemyLab.Blueprint.ArchTests.csproj", "{C18E9F81-1493-C114-EB36-1D3A20B25905}"
EndProject
Project("{FAE04EC0-301F-11D3-BF4B-00C04F79EFBC}") = "AlchemyLab.Blueprint.Domain.UnitTests", "tests\AlchemyLab.Blueprint.Domain.UnitTests\AlchemyLab.Blueprint.Domain.UnitTests.csproj", "{40C09C4D-2C21-7802-438F-419736498C56}"
EndProject
Project("{FAE04EC0-301F-11D3-BF4B-00C04F79EFBC}") = "AlchemyLab.Blueprint.GeneratorTests", "tests\AlchemyLab.Blueprint.GeneratorTests\AlchemyLab.Blueprint.GeneratorTests.csproj", "{10DA6D2D-0341-4E31-11D2-A2358A8F3D8A}"
EndProject
Project("{FAE04EC0-301F-11D3-BF4B-00C04F79EFBC}") = "AlchemyLab.Blueprint.IntegrationTests", "tests\AlchemyLab.Blueprint.IntegrationTests\AlchemyLab.Blueprint.IntegrationTests.csproj", "{8D2A4604-4FB3-03B4-D969-589094077F9B}"
EndProject
Global
	GlobalSection(SolutionConfigurationPlatforms) = preSolution
		Debug|Any CPU = Debug|Any CPU
		Release|Any CPU = Release|Any CPU
	EndGlobalSection
	GlobalSection(ProjectConfigurationPlatforms) = postSolution
		{C65116DD-932A-F67F-A17C-389544E7A868}.Debug|Any CPU.ActiveCfg = Debug|Any CPU
		{C65116DD-932A-F67F-A17C-389544E7A868}.Debug|Any CPU.Build.0 = Debug|Any CPU
		{C65116DD-932A-F67F-A17C-389544E7A868}.Release|Any CPU.ActiveCfg = Release|Any CPU
		{C65116DD-932A-F67F-A17C-389544E7A868}.Release|Any CPU.Build.0 = Release|Any CPU
		{BF96C996-0691-A8F5-E0C5-18AE1B94A903}.Debug|Any CPU.ActiveCfg = Debug|Any CPU
		{BF96C996-0691-A8F5-E0C5-18AE1B94A903}.Debug|Any CPU.Build.0 = Debug|Any CPU
		{BF96C996-0691-A8F5-E0C5-18AE1B94A903}.Release|Any CPU.ActiveCfg = Release|Any CPU
		{BF96C996-0691-A8F5-E0C5-18AE1B94A903}.Release|Any CPU.Build.0 = Release|Any CPU
		{15717EEC-CF24-DD55-A705-BA514C6395A6}.Debug|Any CPU.ActiveCfg = Debug|Any CPU
		{15717EEC-CF24-DD55-A705-BA514C6395A6}.Debug|Any CPU.Build.0 = Debug|Any CPU
		{15717EEC-CF24-DD55-A705-BA514C6395A6}.Release|Any CPU.ActiveCfg = Release|Any CPU
		{15717EEC-CF24-DD55-A705-BA514C6395A6}.Release|Any CPU.Build.0 = Release|Any CPU
		{7DFC3656-6709-337B-400C-86F28E9B9E7A}.Debug|Any CPU.ActiveCfg = Debug|Any CPU
		{7DFC3656-6709-337B-400C-86F28E9B9E7A}.Debug|Any CPU.Build.0 = Debug|Any CPU
		{7DFC3656-6709-337B-400C-86F28E9B9E7A}.Release|Any CPU.ActiveCfg = Release|Any CPU
		{7DFC3656-6709-337B-400C-86F28E9B9E7A}.Release|Any CPU.Build.0 = Release|Any CPU
		{35B57A37-FFDD-79CD-5373-9E9B03603F76}.Debug|Any CPU.ActiveCfg = Debug|Any CPU
		{35B57A37-FFDD-79CD-5373-9E9B03603F76}.Debug|Any CPU.Build.0 = Debug|Any CPU
		{35B57A37-FFDD-79CD-5373-9E9B03603F76}.Release|Any CPU.ActiveCfg = Release|Any CPU
		{35B57A37-FFDD-79CD-5373-9E9B03603F76}.Release|Any CPU.Build.0 = Release|Any CPU
		{9551731C-011C-55F1-8BE2-F70EA939668C}.Debug|Any CPU.ActiveCfg = Debug|Any CPU
		{9551731C-011C-55F1-8BE2-F70EA939668C}.Debug|Any CPU.Build.0 = Debug|Any CPU
		{9551731C-011C-55F1-8BE2-F70EA939668C}.Release|Any CPU.ActiveCfg = Release|Any CPU
		{9551731C-011C-55F1-8BE2-F70EA939668C}.Release|Any CPU.Build.0 = Release|Any CPU
		{89DB7D01-AC1B-8C75-B2EB-0A6D1B3EB94B}.Debug|Any CPU.ActiveCfg = Debug|Any CPU
		{89DB7D01-AC1B-8C75-B2EB-0A6D1B3EB94B}.Debug|Any CPU.Build.0 = Debug|Any CPU
		{89DB7D01-AC1B-8C75-B2EB-0A6D1B3EB94B}.Release|Any CPU.ActiveCfg = Release|Any CPU
		{89DB7D01-AC1B-8C75-B2EB-0A6D1B3EB94B}.Release|Any CPU.Build.0 = Release|Any CPU
		{FDE2192B-9185-617B-A0CE-9E18255156E7}.Debug|Any CPU.ActiveCfg = Debug|Any CPU
		{FDE2192B-9185-617B-A0CE-9E18255156E7}.Debug|Any CPU.Build.0 = Debug|Any CPU
		{FDE2192B-9185-617B-A0CE-9E18255156E7}.Release|Any CPU.ActiveCfg = Release|Any CPU
		{FDE2192B-9185-617B-A0CE-9E18255156E7}.Release|Any CPU.Build.0 = Release|Any CPU
		{091DEAA4-98AB-C3A2-A4C1-7C75F13912E2}.Debug|Any CPU.ActiveCfg = Debug|Any CPU
		{091DEAA4-98AB-C3A2-A4C1-7C75F13912E2}.Debug|Any CPU.Build.0 = Debug|Any CPU
		{091DEAA4-98AB-C3A2-A4C1-7C75F13912E2}.Release|Any CPU.ActiveCfg = Release|Any CPU
		{091DEAA4-98AB-C3A2-A4C1-7C75F13912E2}.Release|Any CPU.Build.0 = Release|Any CPU
		{939EB0DE-C552-705C-EBC0-418CD9EBDC4A}.Debug|Any CPU.ActiveCfg = Debug|Any CPU
		{939EB0DE-C552-705C-EBC0-418CD9EBDC4A}.Debug|Any CPU.Build.0 = Debug|Any CPU
		{939EB0DE-C552-705C-EBC0-418CD9EBDC4A}.Release|Any CPU.ActiveCfg = Release|Any CPU
		{939EB0DE-C552-705C-EBC0-418CD9EBDC4A}.Release|Any CPU.Build.0 = Release|Any CPU
		{9B7AD68F-4CDC-A493-61B4-91AA40227163}.Debug|Any CPU.ActiveCfg = Debug|Any CPU
		{9B7AD68F-4CDC-A493-61B4-91AA40227163}.Debug|Any CPU.Build.0 = Debug|Any CPU
		{9B7AD68F-4CDC-A493-61B4-91AA40227163}.Release|Any CPU.ActiveCfg = Release|Any CPU
		{9B7AD68F-4CDC-A493-61B4-91AA40227163}.Release|Any CPU.Build.0 = Release|Any CPU
		{42B9062A-655B-95DF-62B0-91316DD88E4C}.Debug|Any CPU.ActiveCfg = Debug|Any CPU
		{42B9062A-655B-95DF-62B0-91316DD88E4C}.Debug|Any CPU.Build.0 = Debug|Any CPU
		{42B9062A-655B-95DF-62B0-91316DD88E4C}.Release|Any CPU.ActiveCfg = Release|Any CPU
		{42B9062A-655B-95DF-62B0-91316DD88E4C}.Release|Any CPU.Build.0 = Release|Any CPU
		{9A0504B2-6E20-5CB6-127C-BA978FBA0BED}.Debug|Any CPU.ActiveCfg = Debug|Any CPU
		{9A0504B2-6E20-5CB6-127C-BA978FBA0BED}.Debug|Any CPU.Build.0 = Debug|Any CPU
		{9A0504B2-6E20-5CB6-127C-BA978FBA0BED}.Release|Any CPU.ActiveCfg = Release|Any CPU
		{9A0504B2-6E20-5CB6-127C-BA978FBA0BED}.Release|Any CPU.Build.0 = Release|Any CPU
		{808668C7-B974-8284-69BA-8393B45F2B65}.Debug|Any CPU.ActiveCfg = Debug|Any CPU
		{808668C7-B974-8284-69BA-8393B45F2B65}.Debug|Any CPU.Build.0 = Debug|Any CPU
		{808668C7-B974-8284-69BA-8393B45F2B65}.Release|Any CPU.ActiveCfg = Release|Any CPU
		{808668C7-B974-8284-69BA-8393B45F2B65}.Release|Any CPU.Build.0 = Release|Any CPU
		{C18E9F81-1493-C114-EB36-1D3A20B25905}.Debug|Any CPU.ActiveCfg = Debug|Any CPU
		{C18E9F81-1493-C114-EB36-1D3A20B25905}.Debug|Any CPU.Build.0 = Debug|Any CPU
		{C18E9F81-1493-C114-EB36-1D3A20B25905}.Release|Any CPU.ActiveCfg = Release|Any CPU
		{C18E9F81-1493-C114-EB36-1D3A20B25905}.Release|Any CPU.Build.0 = Release|Any CPU
		{40C09C4D-2C21-7802-438F-419736498C56}.Debug|Any CPU.ActiveCfg = Debug|Any CPU
		{40C09C4D-2C21-7802-438F-419736498C56}.Debug|Any CPU.Build.0 = Debug|Any CPU
		{40C09C4D-2C21-7802-438F-419736498C56}.Release|Any CPU.ActiveCfg = Release|Any CPU
		{40C09C4D-2C21-7802-438F-419736498C56}.Release|Any CPU.Build.0 = Release|Any CPU
		{10DA6D2D-0341-4E31-11D2-A2358A8F3D8A}.Debug|Any CPU.ActiveCfg = Debug|Any CPU
		{10DA6D2D-0341-4E31-11D2-A2358A8F3D8A}.Debug|Any CPU.Build.0 = Debug|Any CPU
		{10DA6D2D-0341-4E31-11D2-A2358A8F3D8A}.Release|Any CPU.ActiveCfg = Release|Any CPU
		{10DA6D2D-0341-4E31-11D2-A2358A8F3D8A}.Release|Any CPU.Build.0 = Release|Any CPU
		{8D2A4604-4FB3-03B4-D969-589094077F9B}.Debug|Any CPU.ActiveCfg = Debug|Any CPU
		{8D2A4604-4FB3-03B4-D969-589094077F9B}.Debug|Any CPU.Build.0 = Debug|Any CPU
		{8D2A4604-4FB3-03B4-D969-589094077F9B}.Release|Any CPU.ActiveCfg = Release|Any CPU
		{8D2A4604-4FB3-03B4-D969-589094077F9B}.Release|Any CPU.Build.0 = Release|Any CPU
	EndGlobalSection
	GlobalSection(SolutionProperties) = preSolution
		HideSolutionNode = FALSE
	EndGlobalSection
	GlobalSection(NestedProjects) = preSolution
		{C65116DD-932A-F67F-A17C-389544E7A868} = {AD7C8182-B466-96AE-CF31-8AA8EF11C5DF}
		{BF96C996-0691-A8F5-E0C5-18AE1B94A903} = {827E0CD3-B72D-47B6-A68D-7590B98EB39B}
		{15717EEC-CF24-DD55-A705-BA514C6395A6} = {827E0CD3-B72D-47B6-A68D-7590B98EB39B}
		{7DFC3656-6709-337B-400C-86F28E9B9E7A} = {827E0CD3-B72D-47B6-A68D-7590B98EB39B}
		{35B57A37-FFDD-79CD-5373-9E9B03603F76} = {827E0CD3-B72D-47B6-A68D-7590B98EB39B}
		{9551731C-011C-55F1-8BE2-F70EA939668C} = {827E0CD3-B72D-47B6-A68D-7590B98EB39B}
		{89DB7D01-AC1B-8C75-B2EB-0A6D1B3EB94B} = {827E0CD3-B72D-47B6-A68D-7590B98EB39B}
		{FDE2192B-9185-617B-A0CE-9E18255156E7} = {827E0CD3-B72D-47B6-A68D-7590B98EB39B}
		{091DEAA4-98AB-C3A2-A4C1-7C75F13912E2} = {827E0CD3-B72D-47B6-A68D-7590B98EB39B}
		{939EB0DE-C552-705C-EBC0-418CD9EBDC4A} = {827E0CD3-B72D-47B6-A68D-7590B98EB39B}
		{9B7AD68F-4CDC-A493-61B4-91AA40227163} = {827E0CD3-B72D-47B6-A68D-7590B98EB39B}
		{42B9062A-655B-95DF-62B0-91316DD88E4C} = {827E0CD3-B72D-47B6-A68D-7590B98EB39B}
		{9A0504B2-6E20-5CB6-127C-BA978FBA0BED} = {0AB3BF05-4346-4AA6-1389-037BE0695223}
		{808668C7-B974-8284-69BA-8393B45F2B65} = {0AB3BF05-4346-4AA6-1389-037BE0695223}
		{C18E9F81-1493-C114-EB36-1D3A20B25905} = {0AB3BF05-4346-4AA6-1389-037BE0695223}
		{40C09C4D-2C21-7802-438F-419736498C56} = {0AB3BF05-4346-4AA6-1389-037BE0695223}
		{10DA6D2D-0341-4E31-11D2-A2358A8F3D8A} = {0AB3BF05-4346-4AA6-1389-037BE0695223}
		{8D2A4604-4FB3-03B4-D969-589094077F9B} = {0AB3BF05-4346-4AA6-1389-037BE0695223}
	EndGlobalSection
	GlobalSection(ExtensibilityGlobals) = postSolution
		SolutionGuid = {5833FFEF-77E3-475B-ACC2-B04A1190ABEA}
	EndGlobalSection
EndGlobal
