
Microsoft Visual Studio Solution File, Format Version 12.00
# Visual Studio Version 17
VisualStudioVersion = 17.10.34707.107
MinimumVisualStudioVersion = 10.0.40219.1
Project("{2150E333-8FDC-42A3-9474-1A3956D46DE8}") = "Solution Items", "Solution Items", "{FC7ADEB8-E81E-4AD8-BAFC-83EF0B7165AD}"
	ProjectSection(SolutionItems) = preProject
		.dockerignore = .dockerignore
		.editorconfig = .editorconfig
		.gitignore = .gitignore
		Directory.Build.props = Directory.Build.props
		LICENSE = LICENSE
		nuget.config = nuget.config
	EndProjectSection
EndProject
Project("{2150E333-8FDC-42A3-9474-1A3956D46DE8}") = "Tests", "Tests", "{F7A1A89A-82EE-4D65-8D81-8178A4E4B7E3}"
EndProject
Project("{9A19103F-16F7-4668-BE54-9A1E7A4F7556}") = "FloralHub.Blueprint.IntegrationTests", "tests\FloralHub.Blueprint.IntegrationTests\FloralHub.Blueprint.IntegrationTests.csproj", "{4A1CB6ED-7CC7-4386-9245-BB5B415110CC}"
EndProject
Project("{9A19103F-16F7-4668-BE54-9A1E7A4F7556}") = "FloralHub.Blueprint.ArchTests", "tests\FloralHub.Blueprint.ArchTests\FloralHub.Blueprint.ArchTests.csproj", "{2392F294-32CA-402F-8D92-28B2961CAD34}"
EndProject
Project("{9A19103F-16F7-4668-BE54-9A1E7A4F7556}") = "FloralHub.Blueprint.UnitTests", "tests\FloralHub.Blueprint.UnitTests\FloralHub.Blueprint.UnitTests.csproj", "{E139C5F7-68AF-422A-9240-96987548DE54}"
EndProject
Project("{9A19103F-16F7-4668-BE54-9A1E7A4F7556}") = "FloralHub.Blueprint.App", "src\FloralHub.Blueprint.App\FloralHub.Blueprint.App.csproj", "{0018881D-D1EA-425B-ABFE-0EEF1FF00CB9}"
EndProject
Project("{9A19103F-16F7-4668-BE54-9A1E7A4F7556}") = "FloralHub.Blueprint.Endpoints", "src\FloralHub.Blueprint.Endpoints\FloralHub.Blueprint.Endpoints.csproj", "{A167B17D-11C7-4C0C-8D35-7194FFDA1520}"
EndProject
Project("{FAE04EC0-301F-11D3-BF4B-00C04F79EFBC}") = "FloralHub.Blueprint.Domain", "src\FloralHub.Blueprint.Domain\FloralHub.Blueprint.Domain.csproj", "{6DD3B465-0ACB-426E-81F9-EC64949FF744}"
EndProject
Project("{FAE04EC0-301F-11D3-BF4B-00C04F79EFBC}") = "FloralHub.Blueprint.SharedKernel", "src\FloralHub.Blueprint.SharedKernel\FloralHub.Blueprint.SharedKernel.csproj", "{0942AB70-02DA-4D52-AA22-DD46FA005342}"
EndProject
Project("{FAE04EC0-301F-11D3-BF4B-00C04F79EFBC}") = "FloralHub.Blueprint.Application", "src\FloralHub.Blueprint.Application\FloralHub.Blueprint.Application.csproj", "{4D1B1A95-49D2-46D1-8AEB-ED9FAE05B985}"
EndProject
Project("{FAE04EC0-301F-11D3-BF4B-00C04F79EFBC}") = "FloralHub.Blueprint.Infrastructure", "src\FloralHub.Blueprint.Infrastructure\FloralHub.Blueprint.Infrastructure.csproj", "{C2F0656A-5527-475C-A105-4D6E851A2671}"
EndProject
Global
	GlobalSection(SolutionConfigurationPlatforms) = preSolution
		Debug|Any CPU = Debug|Any CPU
		Release|Any CPU = Release|Any CPU
	EndGlobalSection
	GlobalSection(ProjectConfigurationPlatforms) = postSolution
		{4A1CB6ED-7CC7-4386-9245-BB5B415110CC}.Debug|Any CPU.ActiveCfg = Debug|Any CPU
		{4A1CB6ED-7CC7-4386-9245-BB5B415110CC}.Debug|Any CPU.Build.0 = Debug|Any CPU
		{4A1CB6ED-7CC7-4386-9245-BB5B415110CC}.Release|Any CPU.ActiveCfg = Release|Any CPU
		{4A1CB6ED-7CC7-4386-9245-BB5B415110CC}.Release|Any CPU.Build.0 = Release|Any CPU
		{2392F294-32CA-402F-8D92-28B2961CAD34}.Debug|Any CPU.ActiveCfg = Debug|Any CPU
		{2392F294-32CA-402F-8D92-28B2961CAD34}.Debug|Any CPU.Build.0 = Debug|Any CPU
		{2392F294-32CA-402F-8D92-28B2961CAD34}.Release|Any CPU.ActiveCfg = Release|Any CPU
		{2392F294-32CA-402F-8D92-28B2961CAD34}.Release|Any CPU.Build.0 = Release|Any CPU
		{E139C5F7-68AF-422A-9240-96987548DE54}.Debug|Any CPU.ActiveCfg = Debug|Any CPU
		{E139C5F7-68AF-422A-9240-96987548DE54}.Debug|Any CPU.Build.0 = Debug|Any CPU
		{E139C5F7-68AF-422A-9240-96987548DE54}.Release|Any CPU.ActiveCfg = Release|Any CPU
		{E139C5F7-68AF-422A-9240-96987548DE54}.Release|Any CPU.Build.0 = Release|Any CPU
		{0018881D-D1EA-425B-ABFE-0EEF1FF00CB9}.Debug|Any CPU.ActiveCfg = Debug|Any CPU
		{0018881D-D1EA-425B-ABFE-0EEF1FF00CB9}.Debug|Any CPU.Build.0 = Debug|Any CPU
		{0018881D-D1EA-425B-ABFE-0EEF1FF00CB9}.Release|Any CPU.ActiveCfg = Release|Any CPU
		{0018881D-D1EA-425B-ABFE-0EEF1FF00CB9}.Release|Any CPU.Build.0 = Release|Any CPU
		{A167B17D-11C7-4C0C-8D35-7194FFDA1520}.Debug|Any CPU.ActiveCfg = Debug|Any CPU
		{A167B17D-11C7-4C0C-8D35-7194FFDA1520}.Debug|Any CPU.Build.0 = Debug|Any CPU
		{A167B17D-11C7-4C0C-8D35-7194FFDA1520}.Release|Any CPU.ActiveCfg = Release|Any CPU
		{A167B17D-11C7-4C0C-8D35-7194FFDA1520}.Release|Any CPU.Build.0 = Release|Any CPU
		{6DD3B465-0ACB-426E-81F9-EC64949FF744}.Debug|Any CPU.ActiveCfg = Debug|Any CPU
		{6DD3B465-0ACB-426E-81F9-EC64949FF744}.Debug|Any CPU.Build.0 = Debug|Any CPU
		{6DD3B465-0ACB-426E-81F9-EC64949FF744}.Release|Any CPU.ActiveCfg = Release|Any CPU
		{6DD3B465-0ACB-426E-81F9-EC64949FF744}.Release|Any CPU.Build.0 = Release|Any CPU
		{0942AB70-02DA-4D52-AA22-DD46FA005342}.Debug|Any CPU.ActiveCfg = Debug|Any CPU
		{0942AB70-02DA-4D52-AA22-DD46FA005342}.Debug|Any CPU.Build.0 = Debug|Any CPU
		{0942AB70-02DA-4D52-AA22-DD46FA005342}.Release|Any CPU.ActiveCfg = Release|Any CPU
		{0942AB70-02DA-4D52-AA22-DD46FA005342}.Release|Any CPU.Build.0 = Release|Any CPU
		{4D1B1A95-49D2-46D1-8AEB-ED9FAE05B985}.Debug|Any CPU.ActiveCfg = Debug|Any CPU
		{4D1B1A95-49D2-46D1-8AEB-ED9FAE05B985}.Debug|Any CPU.Build.0 = Debug|Any CPU
		{4D1B1A95-49D2-46D1-8AEB-ED9FAE05B985}.Release|Any CPU.ActiveCfg = Release|Any CPU
		{4D1B1A95-49D2-46D1-8AEB-ED9FAE05B985}.Release|Any CPU.Build.0 = Release|Any CPU
		{C2F0656A-5527-475C-A105-4D6E851A2671}.Debug|Any CPU.ActiveCfg = Debug|Any CPU
		{C2F0656A-5527-475C-A105-4D6E851A2671}.Debug|Any CPU.Build.0 = Debug|Any CPU
		{C2F0656A-5527-475C-A105-4D6E851A2671}.Release|Any CPU.ActiveCfg = Release|Any CPU
		{C2F0656A-5527-475C-A105-4D6E851A2671}.Release|Any CPU.Build.0 = Release|Any CPU
	EndGlobalSection
	GlobalSection(SolutionProperties) = preSolution
		HideSolutionNode = FALSE
	EndGlobalSection
	GlobalSection(NestedProjects) = preSolution
		{4A1CB6ED-7CC7-4386-9245-BB5B415110CC} = {F7A1A89A-82EE-4D65-8D81-8178A4E4B7E3}
		{2392F294-32CA-402F-8D92-28B2961CAD34} = {F7A1A89A-82EE-4D65-8D81-8178A4E4B7E3}
		{E139C5F7-68AF-422A-9240-96987548DE54} = {F7A1A89A-82EE-4D65-8D81-8178A4E4B7E3}
	EndGlobalSection
	GlobalSection(ExtensibilityGlobals) = postSolution
		SolutionGuid = {05B9C602-F7FF-44D5-A565-8D86154B38CE}
	EndGlobalSection
EndGlobal
